<?xml version="1.0" encoding="utf-8"?>
<Project ToolsVersion="4.0" xmlns="http://schemas.microsoft.com/developer/msbuild/2003">
  <ItemGroup>
    <ClInclude Include="Public.h" />
    <ClInclude Include="Trace.h" />
    <ClInclude Include="Device.hpp" />
    <ClInclude Include="Driver.hpp" />
    <ClInclude Include="Misc.hpp" />
    <ClInclude Include="USBCom.hpp" />
    <ClInclude Include="usbdevice.hpp" />
  </ItemGroup>
  <ItemGroup>
    <ClCompile Include="Device.cpp" />
    <ClCompile Include="Driver.cpp" />
    <ClCompile Include="USBCom.cpp" />
    <ClCompile Include="usbdevice.cpp" />
  </ItemGroup>
  <ItemGroup>
    <Inf Include="VirtualMouse.inx" />
  </ItemGroup>
</Project>